
Microsoft Visual Studio Solution File, Format Version 12.00
# Visual Studio Version 16
VisualStudioVersion = 16.0.29123.88
MinimumVisualStudioVersion = 10.0.40219.1
Project("{F184B08F-C81C-45F6-A57F-5ABD9991F28F}") = "SwatInc.PopUp", "SwatInc.PopUp\SwatInc.PopUp.vbproj", "{758A5AB8-B40E-4A60-8EC3-9EC0C01987AF}"
EndProject
Global
	GlobalSection(SolutionConfigurationPlatforms) = preSolution
		Debug|Any CPU = Debug|Any CPU
		Release|Any CPU = Release|Any CPU
	EndGlobalSection
	GlobalSection(ProjectConfigurationPlatforms) = postSolution
		{758A5AB8-B40E-4A60-8EC3-9EC0C01987AF}.Debug|Any CPU.ActiveCfg = Debug|Any CPU
		{758A5AB8-B40E-4A60-8EC3-9EC0C01987AF}.Debug|Any CPU.Build.0 = Debug|Any CPU
		{758A5AB8-B40E-4A60-8EC3-9EC0C01987AF}.Release|Any CPU.ActiveCfg = Release|Any CPU
		{758A5AB8-B40E-4A60-8EC3-9EC0C01987AF}.Release|Any CPU.Build.0 = Release|Any CPU
	EndGlobalSection
	GlobalSection(SolutionProperties) = preSolution
		HideSolutionNode = FALSE
	EndGlobalSection
	GlobalSection(ExtensibilityGlobals) = postSolution
		SolutionGuid = {97BEA607-EE7F-490E-841B-3109E8179FF7}
	EndGlobalSection
EndGlobal
